
Microsoft Visual Studio Solution File, Format Version 12.00
# Visual Studio 15
VisualStudioVersion = 15.0.26430.6
MinimumVisualStudioVersion = 10.0.40219.1
Project("{FAE04EC0-301F-11D3-BF4B-00C04F79EFBC}") = "APIXURestClient-Android", "APIXURestClient-Android\APIXURestClient-Android.csproj", "{7B2A5E0E-7316-43F8-BD48-E3D9E42C56F5}"
EndProject
Project("{FAE04EC0-301F-11D3-BF4B-00C04F79EFBC}") = "Sample", "Sample\Sample.csproj", "{A164D641-66B4-4EBD-B761-36D70C467F20}"
EndProject
Global
	GlobalSection(SolutionConfigurationPlatforms) = preSolution
		Debug|Any CPU = Debug|Any CPU
		Release|Any CPU = Release|Any CPU
	EndGlobalSection
	GlobalSection(ProjectConfigurationPlatforms) = postSolution
		{7B2A5E0E-7316-43F8-BD48-E3D9E42C56F5}.Debug|Any CPU.ActiveCfg = Debug|Any CPU
		{7B2A5E0E-7316-43F8-BD48-E3D9E42C56F5}.Debug|Any CPU.Build.0 = Debug|Any CPU
		{7B2A5E0E-7316-43F8-BD48-E3D9E42C56F5}.Release|Any CPU.ActiveCfg = Release|Any CPU
		{7B2A5E0E-7316-43F8-BD48-E3D9E42C56F5}.Release|Any CPU.Build.0 = Release|Any CPU
		{A164D641-66B4-4EBD-B761-36D70C467F20}.Debug|Any CPU.ActiveCfg = Debug|Any CPU
		{A164D641-66B4-4EBD-B761-36D70C467F20}.Debug|Any CPU.Build.0 = Debug|Any CPU
		{A164D641-66B4-4EBD-B761-36D70C467F20}.Debug|Any CPU.Deploy.0 = Debug|Any CPU
		{A164D641-66B4-4EBD-B761-36D70C467F20}.Release|Any CPU.ActiveCfg = Release|Any CPU
		{A164D641-66B4-4EBD-B761-36D70C467F20}.Release|Any CPU.Build.0 = Release|Any CPU
		{A164D641-66B4-4EBD-B761-36D70C467F20}.Release|Any CPU.Deploy.0 = Release|Any CPU
	EndGlobalSection
	GlobalSection(SolutionProperties) = preSolution
		HideSolutionNode = FALSE
	EndGlobalSection
EndGlobal
